// !$*UTF8*$!
{
	archiveVersion = 1;
	classes = {
	};
	objectVersion = 50;
	objects = {

/* Begin PBXBuildFile section */
		3BADD84F2498CDA200056922 /* AppDelegate.swift in Sources */ = {isa = PBXBuildFile; fileRef = 3BADD84E2498CDA200056922 /* AppDelegate.swift */; };
		3BADD8512498CDA200056922 /* SceneDelegate.swift in Sources */ = {isa = PBXBuildFile; fileRef = 3BADD8502498CDA200056922 /* SceneDelegate.swift */; };
		3BADD8532498CDA200056922 /* ViewController.swift in Sources */ = {isa = PBXBuildFile; fileRef = 3BADD8522498CDA200056922 /* ViewController.swift */; };
		3BADD8562498CDA200056922 /* Main.storyboard in Resources */ = {isa = PBXBuildFile; fileRef = 3BADD8542498CDA200056922 /* Main.storyboard */; };
		3BADD8582498CDA900056922 /* Assets.xcassets in Resources */ = {isa = PBXBuildFile; fileRef = 3BADD8572498CDA900056922 /* Assets.xcassets */; };
		3BADD85B2498CDA900056922 /* LaunchScreen.storyboard in Resources */ = {isa = PBXBuildFile; fileRef = 3BADD8592498CDA900056922 /* LaunchScreen.storyboard */; };
		3BADD8662498CDAA00056922 /* Test1Tests.swift in Sources */ = {isa = PBXBuildFile; fileRef = 3BADD8652498CDAA00056922 /* Test1Tests.swift */; };
		3BADD8712498CDAA00056922 /* Test1UITests.swift in Sources */ = {isa = PBXBuildFile; fileRef = 3BADD8702498CDAA00056922 /* Test1UITests.swift */; };
		3BADD87F2498E5D900056922 /* SourceProvider.swift in Sources */ = {isa = PBXBuildFile; fileRef = 3BADD87E2498E5D900056922 /* SourceProvider.swift */; };
		4ACE1D7724992D7E00155FDE /* ImagesHandler.swift in Sources */ = {isa = PBXBuildFile; fileRef = 4ACE1D7624992D7E00155FDE /* ImagesHandler.swift */; };
/* End PBXBuildFile section */

/* Begin PBXContainerItemProxy section */
		3BADD8622498CDAA00056922 /* PBXContainerItemProxy */ = {
			isa = PBXContainerItemProxy;
			containerPortal = 3BADD8432498CDA200056922 /* Project object */;
			proxyType = 1;
			remoteGlobalIDString = 3BADD84A2498CDA200056922;
			remoteInfo = Test1;
		};
		3BADD86D2498CDAA00056922 /* PBXContainerItemProxy */ = {
			isa = PBXContainerItemProxy;
			containerPortal = 3BADD8432498CDA200056922 /* Project object */;
			proxyType = 1;
			remoteGlobalIDString = 3BADD84A2498CDA200056922;
			remoteInfo = Test1;
		};
/* End PBXContainerItemProxy section */

/* Begin PBXFileReference section */
		3BADD84B2498CDA200056922 /* Test1.app */ = {isa = PBXFileReference; explicitFileType = wrapper.application; includeInIndex = 0; path = Test1.app; sourceTree = BUILT_PRODUCTS_DIR; };
		3BADD84E2498CDA200056922 /* AppDelegate.swift */ = {isa = PBXFileReference; lastKnownFileType = sourcecode.swift; path = AppDelegate.swift; sourceTree = "<group>"; };
		3BADD8502498CDA200056922 /* SceneDelegate.swift */ = {isa = PBXFileReference; lastKnownFileType = sourcecode.swift; path = SceneDelegate.swift; sourceTree = "<group>"; };
		3BADD8522498CDA200056922 /* ViewController.swift */ = {isa = PBXFileReference; lastKnownFileType = sourcecode.swift; path = ViewController.swift; sourceTree = "<group>"; };
		3BADD8552498CDA200056922 /* Base */ = {isa = PBXFileReference; lastKnownFileType = file.storyboard; name = Base; path = Base.lproj/Main.storyboard; sourceTree = "<group>"; };
		3BADD8572498CDA900056922 /* Assets.xcassets */ = {isa = PBXFileReference; lastKnownFileType = folder.assetcatalog; path = Assets.xcassets; sourceTree = "<group>"; };
		3BADD85A2498CDA900056922 /* Base */ = {isa = PBXFileReference; lastKnownFileType = file.storyboard; name = Base; path = Base.lproj/LaunchScreen.storyboard; sourceTree = "<group>"; };
		3BADD85C2498CDA900056922 /* Info.plist */ = {isa = PBXFileReference; lastKnownFileType = text.plist.xml; path = Info.plist; sourceTree = "<group>"; };
		3BADD8612498CDAA00056922 /* Test1Tests.xctest */ = {isa = PBXFileReference; explicitFileType = wrapper.cfbundle; includeInIndex = 0; path = Test1Tests.xctest; sourceTree = BUILT_PRODUCTS_DIR; };
		3BADD8652498CDAA00056922 /* Test1Tests.swift */ = {isa = PBXFileReference; lastKnownFileType = sourcecode.swift; path = Test1Tests.swift; sourceTree = "<group>"; };
		3BADD8672498CDAA00056922 /* Info.plist */ = {isa = PBXFileReference; lastKnownFileType = text.plist.xml; path = Info.plist; sourceTree = "<group>"; };
		3BADD86C2498CDAA00056922 /* Test1UITests.xctest */ = {isa = PBXFileReference; explicitFileType = wrapper.cfbundle; includeInIndex = 0; path = Test1UITests.xctest; sourceTree = BUILT_PRODUCTS_DIR; };
		3BADD8702498CDAA00056922 /* Test1UITests.swift */ = {isa = PBXFileReference; lastKnownFileType = sourcecode.swift; path = Test1UITests.swift; sourceTree = "<group>"; };
		3BADD8722498CDAA00056922 /* Info.plist */ = {isa = PBXFileReference; lastKnownFileType = text.plist.xml; path = Info.plist; sourceTree = "<group>"; };
		3BADD87E2498E5D900056922 /* SourceProvider.swift */ = {isa = PBXFileReference; lastKnownFileType = sourcecode.swift; path = SourceProvider.swift; sourceTree = "<group>"; };
		4ACE1D7624992D7E00155FDE /* ImagesHandler.swift */ = {isa = PBXFileReference; lastKnownFileType = sourcecode.swift; path = ImagesHandler.swift; sourceTree = "<group>"; };
/* End PBXFileReference section */

/* Begin PBXFrameworksBuildPhase section */
		3BADD8482498CDA200056922 /* Frameworks */ = {
			isa = PBXFrameworksBuildPhase;
			buildActionMask = 2147483647;
			files = (
			);
			runOnlyForDeploymentPostprocessing = 0;
		};
		3BADD85E2498CDAA00056922 /* Frameworks */ = {
			isa = PBXFrameworksBuildPhase;
			buildActionMask = 2147483647;
			files = (
			);
			runOnlyForDeploymentPostprocessing = 0;
		};
		3BADD8692498CDAA00056922 /* Frameworks */ = {
			isa = PBXFrameworksBuildPhase;
			buildActionMask = 2147483647;
			files = (
			);
			runOnlyForDeploymentPostprocessing = 0;
		};
/* End PBXFrameworksBuildPhase section */

/* Begin PBXGroup section */
		3BADD8422498CDA200056922 = {
			isa = PBXGroup;
			children = (
				3BADD84D2498CDA200056922 /* Test1 */,
				3BADD8642498CDAA00056922 /* Test1Tests */,
				3BADD86F2498CDAA00056922 /* Test1UITests */,
				3BADD84C2498CDA200056922 /* Products */,
			);
			sourceTree = "<group>";
		};
		3BADD84C2498CDA200056922 /* Products */ = {
			isa = PBXGroup;
			children = (
				3BADD84B2498CDA200056922 /* Test1.app */,
				3BADD8612498CDAA00056922 /* Test1Tests.xctest */,
				3BADD86C2498CDAA00056922 /* Test1UITests.xctest */,
			);
			name = Products;
			sourceTree = "<group>";
		};
		3BADD84D2498CDA200056922 /* Test1 */ = {
			isa = PBXGroup;
			children = (
				3BADD84E2498CDA200056922 /* AppDelegate.swift */,
				3BADD8502498CDA200056922 /* SceneDelegate.swift */,
				3BADD8522498CDA200056922 /* ViewController.swift */,
				3BADD8542498CDA200056922 /* Main.storyboard */,
				3BADD8572498CDA900056922 /* Assets.xcassets */,
				3BADD8592498CDA900056922 /* LaunchScreen.storyboard */,
				3BADD85C2498CDA900056922 /* Info.plist */,
				3BADD87E2498E5D900056922 /* SourceProvider.swift */,
				4ACE1D7624992D7E00155FDE /* ImagesHandler.swift */,
			);
			path = Test1;
			sourceTree = "<group>";
		};
		3BADD8642498CDAA00056922 /* Test1Tests */ = {
			isa = PBXGroup;
			children = (
				3BADD8652498CDAA00056922 /* Test1Tests.swift */,
				3BADD8672498CDAA00056922 /* Info.plist */,
			);
			path = Test1Tests;
			sourceTree = "<group>";
		};
		3BADD86F2498CDAA00056922 /* Test1UITests */ = {
			isa = PBXGroup;
			children = (
				3BADD8702498CDAA00056922 /* Test1UITests.swift */,
				3BADD8722498CDAA00056922 /* Info.plist */,
			);
			path = Test1UITests;
			sourceTree = "<group>";
		};
/* End PBXGroup section */

/* Begin PBXNativeTarget section */
		3BADD84A2498CDA200056922 /* Test1 */ = {
			isa = PBXNativeTarget;
			buildConfigurationList = 3BADD8752498CDAA00056922 /* Build configuration list for PBXNativeTarget "Test1" */;
			buildPhases = (
				3BADD8472498CDA200056922 /* Sources */,
				3BADD8482498CDA200056922 /* Frameworks */,
				3BADD8492498CDA200056922 /* Resources */,
			);
			buildRules = (
			);
			dependencies = (
			);
			name = Test1;
			productName = Test1;
			productReference = 3BADD84B2498CDA200056922 /* Test1.app */;
			productType = "com.apple.product-type.application";
		};
		3BADD8602498CDAA00056922 /* Test1Tests */ = {
			isa = PBXNativeTarget;
			buildConfigurationList = 3BADD8782498CDAA00056922 /* Build configuration list for PBXNativeTarget "Test1Tests" */;
			buildPhases = (
				3BADD85D2498CDAA00056922 /* Sources */,
				3BADD85E2498CDAA00056922 /* Frameworks */,
				3BADD85F2498CDAA00056922 /* Resources */,
			);
			buildRules = (
			);
			dependencies = (
				3BADD8632498CDAA00056922 /* PBXTargetDependency */,
			);
			name = Test1Tests;
			productName = Test1Tests;
			productReference = 3BADD8612498CDAA00056922 /* Test1Tests.xctest */;
			productType = "com.apple.product-type.bundle.unit-test";
		};
		3BADD86B2498CDAA00056922 /* Test1UITests */ = {
			isa = PBXNativeTarget;
			buildConfigurationList = 3BADD87B2498CDAA00056922 /* Build configuration list for PBXNativeTarget "Test1UITests" */;
			buildPhases = (
				3BADD8682498CDAA00056922 /* Sources */,
				3BADD8692498CDAA00056922 /* Frameworks */,
				3BADD86A2498CDAA00056922 /* Resources */,
			);
			buildRules = (
			);
			dependencies = (
				3BADD86E2498CDAA00056922 /* PBXTargetDependency */,
			);
			name = Test1UITests;
			productName = Test1UITests;
			productReference = 3BADD86C2498CDAA00056922 /* Test1UITests.xctest */;
			productType = "com.apple.product-type.bundle.ui-testing";
		};
/* End PBXNativeTarget section */

/* Begin PBXProject section */
		3BADD8432498CDA200056922 /* Project object */ = {
			isa = PBXProject;
			attributes = {
				LastSwiftUpdateCheck = 1130;
				LastUpgradeCheck = 1130;
				ORGANIZATIONNAME = None;
				TargetAttributes = {
					3BADD84A2498CDA200056922 = {
						CreatedOnToolsVersion = 11.3;
					};
					3BADD8602498CDAA00056922 = {
						CreatedOnToolsVersion = 11.3;
						TestTargetID = 3BADD84A2498CDA200056922;
					};
					3BADD86B2498CDAA00056922 = {
						CreatedOnToolsVersion = 11.3;
						TestTargetID = 3BADD84A2498CDA200056922;
					};
				};
			};
			buildConfigurationList = 3BADD8462498CDA200056922 /* Build configuration list for PBXProject "Test1" */;
			compatibilityVersion = "Xcode 9.3";
			developmentRegion = en;
			hasScannedForEncodings = 0;
			knownRegions = (
				en,
				Base,
			);
			mainGroup = 3BADD8422498CDA200056922;
			productRefGroup = 3BADD84C2498CDA200056922 /* Products */;
			projectDirPath = "";
			projectRoot = "";
			targets = (
				3BADD84A2498CDA200056922 /* Test1 */,
				3BADD8602498CDAA00056922 /* Test1Tests */,
				3BADD86B2498CDAA00056922 /* Test1UITests */,
			);
		};
/* End PBXProject section */

/* Begin PBXResourcesBuildPhase section */
		3BADD8492498CDA200056922 /* Resources */ = {
			isa = PBXResourcesBuildPhase;
			buildActionMask = 2147483647;
			files = (
				3BADD85B2498CDA900056922 /* LaunchScreen.storyboard in Resources */,
				3BADD8582498CDA900056922 /* Assets.xcassets in Resources */,
				3BADD8562498CDA200056922 /* Main.storyboard in Resources */,
			);
			runOnlyForDeploymentPostprocessing = 0;
		};
		3BADD85F2498CDAA00056922 /* Resources */ = {
			isa = PBXResourcesBuildPhase;
			buildActionMask = 2147483647;
			files = (
			);
			runOnlyForDeploymentPostprocessing = 0;
		};
		3BADD86A2498CDAA00056922 /* Resources */ = {
			isa = PBXResourcesBuildPhase;
			buildActionMask = 2147483647;
			files = (
			);
			runOnlyForDeploymentPostprocessing = 0;
		};
/* End PBXResourcesBuildPhase section */

/* Begin PBXSourcesBuildPhase section */
		3BADD8472498CDA200056922 /* Sources */ = {
			isa = PBXSourcesBuildPhase;
			buildActionMask = 2147483647;
			files = (
				3BADD8532498CDA200056922 /* ViewController.swift in Sources */,
				3BADD84F2498CDA200056922 /* AppDelegate.swift in Sources */,
				3BADD8512498CDA200056922 /* SceneDelegate.swift in Sources */,
				4ACE1D7724992D7E00155FDE /* ImagesHandler.swift in Sources */,
				3BADD87F2498E5D900056922 /* SourceProvider.swift in Sources */,
			);
			runOnlyForDeploymentPostprocessing = 0;
		};
		3BADD85D2498CDAA00056922 /* Sources */ = {
			isa = PBXSourcesBuildPhase;
			buildActionMask = 2147483647;
			files = (
				3BADD8662498CDAA00056922 /* Test1Tests.swift in Sources */,
			);
			runOnlyForDeploymentPostprocessing = 0;
		};
		3BADD8682498CDAA00056922 /* Sources */ = {
			isa = PBXSourcesBuildPhase;
			buildActionMask = 2147483647;
			files = (
				3BADD8712498CDAA00056922 /* Test1UITests.swift in Sources */,
			);
			runOnlyForDeploymentPostprocessing = 0;
		};
/* End PBXSourcesBuildPhase section */

/* Begin PBXTargetDependency section */
		3BADD8632498CDAA00056922 /* PBXTargetDependency */ = {
			isa = PBXTargetDependency;
			target = 3BADD84A2498CDA200056922 /* Test1 */;
			targetProxy = 3BADD8622498CDAA00056922 /* PBXContainerItemProxy */;
		};
		3BADD86E2498CDAA00056922 /* PBXTargetDependency */ = {
			isa = PBXTargetDependency;
			target = 3BADD84A2498CDA200056922 /* Test1 */;
			targetProxy = 3BADD86D2498CDAA00056922 /* PBXContainerItemProxy */;
		};
/* End PBXTargetDependency section */

/* Begin PBXVariantGroup section */
		3BADD8542498CDA200056922 /* Main.storyboard */ = {
			isa = PBXVariantGroup;
			children = (
				3BADD8552498CDA200056922 /* Base */,
			);
			name = Main.storyboard;
			sourceTree = "<group>";
		};
		3BADD8592498CDA900056922 /* LaunchScreen.storyboard */ = {
			isa = PBXVariantGroup;
			children = (
				3BADD85A2498CDA900056922 /* Base */,
			);
			name = LaunchScreen.storyboard;
			sourceTree = "<group>";
		};
/* End PBXVariantGroup section */

/* Begin XCBuildConfiguration section */
		3BADD8732498CDAA00056922 /* Debug */ = {
			isa = XCBuildConfiguration;
			buildSettings = {
				ALWAYS_SEARCH_USER_PATHS = NO;
				CLANG_ANALYZER_NONNULL = YES;
				CLANG_ANALYZER_NUMBER_OBJECT_CONVERSION = YES_AGGRESSIVE;
				CLANG_CXX_LANGUAGE_STANDARD = "gnu++14";
				CLANG_CXX_LIBRARY = "libc++";
				CLANG_ENABLE_MODULES = YES;
				CLANG_ENABLE_OBJC_ARC = YES;
				CLANG_ENABLE_OBJC_WEAK = YES;
				CLANG_WARN_BLOCK_CAPTURE_AUTORELEASING = YES;
				CLANG_WARN_BOOL_CONVERSION = YES;
				CLANG_WARN_COMMA = YES;
				CLANG_WARN_CONSTANT_CONVERSION = YES;
				CLANG_WARN_DEPRECATED_OBJC_IMPLEMENTATIONS = YES;
				CLANG_WARN_DIRECT_OBJC_ISA_USAGE = YES_ERROR;
				CLANG_WARN_DOCUMENTATION_COMMENTS = YES;
				CLANG_WARN_EMPTY_BODY = YES;
				CLANG_WARN_ENUM_CONVERSION = YES;
				CLANG_WARN_INFINITE_RECURSION = YES;
				CLANG_WARN_INT_CONVERSION = YES;
				CLANG_WARN_NON_LITERAL_NULL_CONVERSION = YES;
				CLANG_WARN_OBJC_IMPLICIT_RETAIN_SELF = YES;
				CLANG_WARN_OBJC_LITERAL_CONVERSION = YES;
				CLANG_WARN_OBJC_ROOT_CLASS = YES_ERROR;
				CLANG_WARN_RANGE_LOOP_ANALYSIS = YES;
				CLANG_WARN_STRICT_PROTOTYPES = YES;
				CLANG_WARN_SUSPICIOUS_MOVE = YES;
				CLANG_WARN_UNGUARDED_AVAILABILITY = YES_AGGRESSIVE;
				CLANG_WARN_UNREACHABLE_CODE = YES;
				CLANG_WARN__DUPLICATE_METHOD_MATCH = YES;
				COPY_PHASE_STRIP = NO;
				DEBUG_INFORMATION_FORMAT = dwarf;
				ENABLE_STRICT_OBJC_MSGSEND = YES;
				ENABLE_TESTABILITY = YES;
				GCC_C_LANGUAGE_STANDARD = gnu11;
				GCC_DYNAMIC_NO_PIC = NO;
				GCC_NO_COMMON_BLOCKS = YES;
				GCC_OPTIMIZATION_LEVEL = 0;
				GCC_PREPROCESSOR_DEFINITIONS = (
					"DEBUG=1",
					"$(inherited)",
				);
				GCC_WARN_64_TO_32_BIT_CONVERSION = YES;
				GCC_WARN_ABOUT_RETURN_TYPE = YES_ERROR;
				GCC_WARN_UNDECLARED_SELECTOR = YES;
				GCC_WARN_UNINITIALIZED_AUTOS = YES_AGGRESSIVE;
				GCC_WARN_UNUSED_FUNCTION = YES;
				GCC_WARN_UNUSED_VARIABLE = YES;
				IPHONEOS_DEPLOYMENT_TARGET = 13.2;
				MTL_ENABLE_DEBUG_INFO = INCLUDE_SOURCE;
				MTL_FAST_MATH = YES;
				ONLY_ACTIVE_ARCH = YES;
				SDKROOT = iphoneos;
				SWIFT_ACTIVE_COMPILATION_CONDITIONS = DEBUG;
				SWIFT_OPTIMIZATION_LEVEL = "-Onone";
			};
			name = Debug;
		};
		3BADD8742498CDAA00056922 /* Release */ = {
			isa = XCBuildConfiguration;
			buildSettings = {
				ALWAYS_SEARCH_USER_PATHS = NO;
				CLANG_ANALYZER_NONNULL = YES;
				CLANG_ANALYZER_NUMBER_OBJECT_CONVERSION = YES_AGGRESSIVE;
				CLANG_CXX_LANGUAGE_STANDARD = "gnu++14";
				CLANG_CXX_LIBRARY = "libc++";
				CLANG_ENABLE_MODULES = YES;
				CLANG_ENABLE_OBJC_ARC = YES;
				CLANG_ENABLE_OBJC_WEAK = YES;
				CLANG_WARN_BLOCK_CAPTURE_AUTORELEASING = YES;
				CLANG_WARN_BOOL_CONVERSION = YES;
				CLANG_WARN_COMMA = YES;
				CLANG_WARN_CONSTANT_CONVERSION = YES;
				CLANG_WARN_DEPRECATED_OBJC_IMPLEMENTATIONS = YES;
				CLANG_WARN_DIRECT_OBJC_ISA_USAGE = YES_ERROR;
				CLANG_WARN_DOCUMENTATION_COMMENTS = YES;
				CLANG_WARN_EMPTY_BODY = YES;
				CLANG_WARN_ENUM_CONVERSION = YES;
				CLANG_WARN_INFINITE_RECURSION = YES;
				CLANG_WARN_INT_CONVERSION = YES;
				CLANG_WARN_NON_LITERAL_NULL_CONVERSION = YES;
				CLANG_WARN_OBJC_IMPLICIT_RETAIN_SELF = YES;
				CLANG_WARN_OBJC_LITERAL_CONVERSION = YES;
				CLANG_WARN_OBJC_ROOT_CLASS = YES_ERROR;
				CLANG_WARN_RANGE_LOOP_ANALYSIS = YES;
				CLANG_WARN_STRICT_PROTOTYPES = YES;
				CLANG_WARN_SUSPICIOUS_MOVE = YES;
				CLANG_WARN_UNGUARDED_AVAILABILITY = YES_AGGRESSIVE;
				CLANG_WARN_UNREACHABLE_CODE = YES;
				CLANG_WARN__DUPLICATE_METHOD_MATCH = YES;
				COPY_PHASE_STRIP = NO;
				DEBUG_INFORMATION_FORMAT = "dwarf-with-dsym";
				ENABLE_NS_ASSERTIONS = NO;
				ENABLE_STRICT_OBJC_MSGSEND = YES;
				GCC_C_LANGUAGE_STANDARD = gnu11;
				GCC_NO_COMMON_BLOCKS = YES;
				GCC_WARN_64_TO_32_BIT_CONVERSION = YES;
				GCC_WARN_ABOUT_RETURN_TYPE = YES_ERROR;
				GCC_WARN_UNDECLARED_SELECTOR = YES;
				GCC_WARN_UNINITIALIZED_AUTOS = YES_AGGRESSIVE;
				GCC_WARN_UNUSED_FUNCTION = YES;
				GCC_WARN_UNUSED_VARIABLE = YES;
				IPHONEOS_DEPLOYMENT_TARGET = 13.2;
				MTL_ENABLE_DEBUG_INFO = NO;
				MTL_FAST_MATH = YES;
				SDKROOT = iphoneos;
				SWIFT_COMPILATION_MODE = wholemodule;
				SWIFT_OPTIMIZATION_LEVEL = "-O";
				VALIDATE_PRODUCT = YES;
			};
			name = Release;
		};
		3BADD8762498CDAA00056922 /* Debug */ = {
			isa = XCBuildConfiguration;
			buildSettings = {
				ASSETCATALOG_COMPILER_APPICON_NAME = AppIcon;
				CODE_SIGN_STYLE = Automatic;
				DEVELOPMENT_TEAM = 786YY8HW6J;
				INFOPLIST_FILE = Test1/Info.plist;
				LD_RUNPATH_SEARCH_PATHS = (
					"$(inherited)",
					"@executable_path/Frameworks",
				);
				PRODUCT_BUNDLE_IDENTIFIER = none.test.1.Test1;
				PRODUCT_NAME = "$(TARGET_NAME)";
				SWIFT_VERSION = 5.0;
				TARGETED_DEVICE_FAMILY = 1;
			};
			name = Debug;
		};
		3BADD8772498CDAA00056922 /* Release */ = {
			isa = XCBuildConfiguration;
			buildSettings = {
				ASSETCATALOG_COMPILER_APPICON_NAME = AppIcon;
				CODE_SIGN_STYLE = Automatic;
				DEVELOPMENT_TEAM = 786YY8HW6J;
				INFOPLIST_FILE = Test1/Info.plist;
				LD_RUNPATH_SEARCH_PATHS = (
					"$(inherited)",
					"@executable_path/Frameworks",
				);
				PRODUCT_BUNDLE_IDENTIFIER = none.test.1.Test1;
				PRODUCT_NAME = "$(TARGET_NAME)";
				SWIFT_VERSION = 5.0;
				TARGETED_DEVICE_FAMILY = 1;
			};
			name = Release;
		};
		3BADD8792498CDAA00056922 /* Debug */ = {
			isa = XCBuildConfiguration;
			buildSettings = {
				ALWAYS_EMBED_SWIFT_STANDARD_LIBRARIES = YES;
				BUNDLE_LOADER = "$(TEST_HOST)";
				CODE_SIGN_STYLE = Automatic;
				DEVELOPMENT_TEAM = S856U8URPN;
				INFOPLIST_FILE = Test1Tests/Info.plist;
				IPHONEOS_DEPLOYMENT_TARGET = 13.2;
				LD_RUNPATH_SEARCH_PATHS = (
					"$(inherited)",
					"@executable_path/Frameworks",
					"@loader_path/Frameworks",
				);
				PRODUCT_BUNDLE_IDENTIFIER = none.test.1.Test1Tests;
				PRODUCT_NAME = "$(TARGET_NAME)";
				SWIFT_VERSION = 5.0;
				TARGETED_DEVICE_FAMILY = "1,2";
				TEST_HOST = "$(BUILT_PRODUCTS_DIR)/Test1.app/Test1";
			};
			name = Debug;
		};
		3BADD87A2498CDAA00056922 /* Release */ = {
			isa = XCBuildConfiguration;
			buildSettings = {
				ALWAYS_EMBED_SWIFT_STANDARD_LIBRARIES = YES;
				BUNDLE_LOADER = "$(TEST_HOST)";
				CODE_SIGN_STYLE = Automatic;
				DEVELOPMENT_TEAM = S856U8URPN;
				INFOPLIST_FILE = Test1Tests/Info.plist;
				IPHONEOS_DEPLOYMENT_TARGET = 13.2;
				LD_RUNPATH_SEARCH_PATHS = (
					"$(inherited)",
					"@executable_path/Frameworks",
					"@loader_path/Frameworks",
				);
				PRODUCT_BUNDLE_IDENTIFIER = none.test.1.Test1Tests;
				PRODUCT_NAME = "$(TARGET_NAME)";
				SWIFT_VERSION = 5.0;
				TARGETED_DEVICE_FAMILY = "1,2";
				TEST_HOST = "$(BUILT_PRODUCTS_DIR)/Test1.app/Test1";
			};
			name = Release;
		};
		3BADD87C2498CDAA00056922 /* Debug */ = {
			isa = XCBuildConfiguration;
			buildSettings = {
				ALWAYS_EMBED_SWIFT_STANDARD_LIBRARIES = YES;
				CODE_SIGN_STYLE = Automatic;
				DEVELOPMENT_TEAM = S856U8URPN;
				INFOPLIST_FILE = Test1UITests/Info.plist;
				LD_RUNPATH_SEARCH_PATHS = (
					"$(inherited)",
					"@executable_path/Frameworks",
					"@loader_path/Frameworks",
				);
				PRODUCT_BUNDLE_IDENTIFIER = none.test.1.Test1UITests;
				PRODUCT_NAME = "$(TARGET_NAME)";
				SWIFT_VERSION = 5.0;
				TARGETED_DEVICE_FAMILY = "1,2";
				TEST_TARGET_NAME = Test1;
			};
			name = Debug;
		};
		3BADD87D2498CDAA00056922 /* Release */ = {
			isa = XCBuildConfiguration;
			buildSettings = {
				ALWAYS_EMBED_SWIFT_STANDARD_LIBRARIES = YES;
				CODE_SIGN_STYLE = Automatic;
				DEVELOPMENT_TEAM = S856U8URPN;
				INFOPLIST_FILE = Test1UITests/Info.plist;
				LD_RUNPATH_SEARCH_PATHS = (
					"$(inherited)",
					"@executable_path/Frameworks",
					"@loader_path/Frameworks",
				);
				PRODUCT_BUNDLE_IDENTIFIER = none.test.1.Test1UITests;
				PRODUCT_NAME = "$(TARGET_NAME)";
				SWIFT_VERSION = 5.0;
				TARGETED_DEVICE_FAMILY = "1,2";
				TEST_TARGET_NAME = Test1;
			};
			name = Release;
		};
/* End XCBuildConfiguration section */

/* Begin XCConfigurationList section */
		3BADD8462498CDA200056922 /* Build configuration list for PBXProject "Test1" */ = {
			isa = XCConfigurationList;
			buildConfigurations = (
				3BADD8732498CDAA00056922 /* Debug */,
				3BADD8742498CDAA00056922 /* Release */,
			);
			defaultConfigurationIsVisible = 0;
			defaultConfigurationName = Release;
		};
		3BADD8752498CDAA00056922 /* Build configuration list for PBXNativeTarget "Test1" */ = {
			isa = XCConfigurationList;
			buildConfigurations = (
				3BADD8762498CDAA00056922 /* Debug */,
				3BADD8772498CDAA00056922 /* Release */,
			);
			defaultConfigurationIsVisible = 0;
			defaultConfigurationName = Release;
		};
		3BADD8782498CDAA00056922 /* Build configuration list for PBXNativeTarget "Test1Tests" */ = {
			isa = XCConfigurationList;
			buildConfigurations = (
				3BADD8792498CDAA00056922 /* Debug */,
				3BADD87A2498CDAA00056922 /* Release */,
			);
			defaultConfigurationIsVisible = 0;
			defaultConfigurationName = Release;
		};
		3BADD87B2498CDAA00056922 /* Build configuration list for PBXNativeTarget "Test1UITests" */ = {
			isa = XCConfigurationList;
			buildConfigurations = (
				3BADD87C2498CDAA00056922 /* Debug */,
				3BADD87D2498CDAA00056922 /* Release */,
			);
			defaultConfigurationIsVisible = 0;
			defaultConfigurationName = Release;
		};
/* End XCConfigurationList section */
	};
	rootObject = 3BADD8432498CDA200056922 /* Project object */;
}
